
Microsoft Visual Studio Solution File, Format Version 12.00
# Visual Studio Version 16
VisualStudioVersion = 16.0.31313.79
MinimumVisualStudioVersion = 10.0.40219.1
Project("{FAE04EC0-301F-11D3-BF4B-00C04F79EFBC}") = "PembayaranListrik", "PembayaranListrik\PembayaranListrik.csproj", "{D799F1F9-299F-4D89-B582-8B9143C8D819}"
EndProject
Project("{FAE04EC0-301F-11D3-BF4B-00C04F79EFBC}") = "Algoritma", "Algoritma\Algoritma.csproj", "{422DEAD1-4F38-4C01-95ED-DA954ACEBEEC}"
EndProject
Global
	GlobalSection(SolutionConfigurationPlatforms) = preSolution
		Debug|Any CPU = Debug|Any CPU
		Release|Any CPU = Release|Any CPU
	EndGlobalSection
	GlobalSection(ProjectConfigurationPlatforms) = postSolution
		{D799F1F9-299F-4D89-B582-8B9143C8D819}.Debug|Any CPU.ActiveCfg = Debug|Any CPU
		{D799F1F9-299F-4D89-B582-8B9143C8D819}.Debug|Any CPU.Build.0 = Debug|Any CPU
		{D799F1F9-299F-4D89-B582-8B9143C8D819}.Release|Any CPU.ActiveCfg = Release|Any CPU
		{D799F1F9-299F-4D89-B582-8B9143C8D819}.Release|Any CPU.Build.0 = Release|Any CPU
		{422DEAD1-4F38-4C01-95ED-DA954ACEBEEC}.Debug|Any CPU.ActiveCfg = Debug|Any CPU
		{422DEAD1-4F38-4C01-95ED-DA954ACEBEEC}.Debug|Any CPU.Build.0 = Debug|Any CPU
		{422DEAD1-4F38-4C01-95ED-DA954ACEBEEC}.Release|Any CPU.ActiveCfg = Release|Any CPU
		{422DEAD1-4F38-4C01-95ED-DA954ACEBEEC}.Release|Any CPU.Build.0 = Release|Any CPU
	EndGlobalSection
	GlobalSection(SolutionProperties) = preSolution
		HideSolutionNode = FALSE
	EndGlobalSection
	GlobalSection(ExtensibilityGlobals) = postSolution
		SolutionGuid = {9A844C11-0102-4A11-8A76-D06E53925D04}
	EndGlobalSection
EndGlobal
